
Microsoft Visual Studio Solution File, Format Version 12.00
# Visual Studio 15
VisualStudioVersion = 15.0.28010.2046
MinimumVisualStudioVersion = 10.0.40219.1
Project("{888888A0-9F3D-457C-B088-3A5042F75D52}") = "data_combing", "data_combing\data_combing.pyproj", "{1ECA2A8F-DA4D-456A-A5A2-30D5DB8ED778}"
EndProject
Global
	GlobalSection(SolutionConfigurationPlatforms) = preSolution
		Debug|Any CPU = Debug|Any CPU
		Release|Any CPU = Release|Any CPU
	EndGlobalSection
	GlobalSection(ProjectConfigurationPlatforms) = postSolution
		{1ECA2A8F-DA4D-456A-A5A2-30D5DB8ED778}.Debug|Any CPU.ActiveCfg = Debug|Any CPU
		{1ECA2A8F-DA4D-456A-A5A2-30D5DB8ED778}.Release|Any CPU.ActiveCfg = Release|Any CPU
	EndGlobalSection
	GlobalSection(SolutionProperties) = preSolution
		HideSolutionNode = FALSE
	EndGlobalSection
	GlobalSection(ExtensibilityGlobals) = postSolution
		SolutionGuid = {B6F26FDF-F787-41A6-88D5-8BDA9FFAD454}
	EndGlobalSection
EndGlobal
